{
    "_readme": [
        "This file locks the dependencies of your project to a known state",
        "Read more about it at https://getcomposer.org/doc/01-basic-usage.md#installing-dependencies",
        "This file is @generated automatically"
    ],
    "content-hash": "d64bbcb702630c3ab5e6b2bbc2d6d298",
    "packages": [
        {
            "name": "atk4/core",
            "version": "2.4.1",
            "source": {
                "type": "git",
                "url": "https://github.com/atk4/core.git",
                "reference": "79aad002e126fecf7c4c50d57edcd13b105235d4"
            },
            "dist": {
                "type": "zip",
                "url": "https://api.github.com/repos/atk4/core/zipball/79aad002e126fecf7c4c50d57edcd13b105235d4",
                "reference": "79aad002e126fecf7c4c50d57edcd13b105235d4",
                "shasum": ""
            },
            "require": {
                "ext-json": "*",
                "php": ">=7.3.0",
                "psr/log": "~1.0",
                "symfony/polyfill-php74": "^1.17",
                "symfony/polyfill-php80": "^1.17",
                "symfony/polyfill-php81": "^1.22",
                "symfony/yaml": "^3.4 || ^4.4 || ^5.1"
            },
            "require-dev": {
                "atk4/data": "~2.4.0",
                "ergebnis/composer-normalize": "^2.13",
                "friendsofphp/php-cs-fixer": "^2.17",
                "johnkary/phpunit-speedtrap": "^3.2",
                "phpstan/phpstan": "^0.12.58",
                "phpunit/phpunit": ">=9.1",
                "symfony/contracts": ">=1.1"
            },
            "type": "library",
            "autoload": {
                "psr-4": {
                    "Atk4\\Core\\": "src/"
                }
            },
            "notification-url": "https://packagist.org/downloads/",
            "license": [
                "MIT"
            ],
            "authors": [
                {
                    "name": "Romans Malinovskis",
                    "email": "romans@agiletoolkit.org",
                    "homepage": "https://nearly.guru/"
                },
                {
                    "name": "Imants Horsts",
                    "homepage": "https://darkside.lv/"
                },
                {
                    "name": "Francesco Danti",
                    "homepage": "https://oracoltech.com/"
                },
                {
                    "name": "Michael Voříšek",
                    "homepage": "https://mvorisek.cz/"
                }
            ],
            "description": "Agile Core - collection of PHP Traits for designing object-oriented frameworks",
            "homepage": "https://github.com/atk4/core",
            "keywords": [
                "Agile Toolkit",
                "framework",
                "php",
                "traits"
            ],
            "support": {
                "issues": "https://github.com/atk4/core/issues",
                "source": "https://github.com/atk4/core/tree/2.4.1"
            },
            "time": "2021-04-17T06:05:03+00:00"
        },
        {
            "name": "atk4/dsql",
            "version": "2.4.0",
            "source": {
                "type": "git",
                "url": "https://github.com/atk4/dsql.git",
                "reference": "a0e57c79898ad439c2314ee2b55fd7032995385a"
            },
            "dist": {
                "type": "zip",
                "url": "https://api.github.com/repos/atk4/dsql/zipball/a0e57c79898ad439c2314ee2b55fd7032995385a",
                "reference": "a0e57c79898ad439c2314ee2b55fd7032995385a",
                "shasum": ""
            },
            "require": {
                "atk4/core": "~2.4.0",
                "doctrine/dbal": "^2.10 || ^3.0",
                "ext-pdo": "*",
                "php": ">=7.3.0"
            },
            "require-dev": {
                "ergebnis/composer-normalize": "^2.13",
                "friendsofphp/php-cs-fixer": "^2.17",
                "johnkary/phpunit-speedtrap": "^3.2",
                "phpstan/phpstan": "^0.12.58",
                "phpunit/phpcov": "*",
                "phpunit/phpunit": ">=9.1"
            },
            "suggest": {
                "jdorn/sql-formatter": "*"
            },
            "type": "library",
            "autoload": {
                "psr-4": {
                    "Atk4\\Dsql\\": "src/"
                }
            },
            "notification-url": "https://packagist.org/downloads/",
            "license": [
                "MIT"
            ],
            "authors": [
                {
                    "name": "Romans Malinovskis",
                    "email": "romans@agiletoolkit.org",
                    "homepage": "https://nearly.guru/"
                },
                {
                    "name": "Imants Horsts",
                    "homepage": "https://darkside.lv/"
                },
                {
                    "name": "Michael Voříšek",
                    "homepage": "https://mvorisek.cz/"
                }
            ],
            "description": "Dynamic SQL Builder in PHP",
            "homepage": "http://agiletoolkit.org/",
            "keywords": [
                "builder",
                "framework",
                "orm",
                "sql"
            ],
            "support": {
                "issues": "https://github.com/atk4/dsql/issues",
                "source": "https://github.com/atk4/dsql/tree/2.4.0"
            },
            "abandoned": true,
            "time": "2021-04-16T10:36:06+00:00"
        },
        {
            "name": "doctrine/cache",
            "version": "2.2.0",
            "source": {
                "type": "git",
                "url": "https://github.com/doctrine/cache.git",
                "reference": "1ca8f21980e770095a31456042471a57bc4c68fb"
            },
            "dist": {
                "type": "zip",
                "url": "https://api.github.com/repos/doctrine/cache/zipball/1ca8f21980e770095a31456042471a57bc4c68fb",
                "reference": "1ca8f21980e770095a31456042471a57bc4c68fb",
                "shasum": ""
            },
            "require": {
                "php": "~7.1 || ^8.0"
            },
            "conflict": {
                "doctrine/common": ">2.2,<2.4"
            },
            "require-dev": {
                "cache/integration-tests": "dev-master",
                "doctrine/coding-standard": "^9",
                "phpunit/phpunit": "^7.5 || ^8.5 || ^9.5",
                "psr/cache": "^1.0 || ^2.0 || ^3.0",
                "symfony/cache": "^4.4 || ^5.4 || ^6",
                "symfony/var-exporter": "^4.4 || ^5.4 || ^6"
            },
            "type": "library",
            "autoload": {
                "psr-4": {
                    "Doctrine\\Common\\Cache\\": "lib/Doctrine/Common/Cache"
                }
            },
            "notification-url": "https://packagist.org/downloads/",
            "license": [
                "MIT"
            ],
            "authors": [
                {
                    "name": "Guilherme Blanco",
                    "email": "guilhermeblanco@gmail.com"
                },
                {
                    "name": "Roman Borschel",
                    "email": "roman@code-factory.org"
                },
                {
                    "name": "Benjamin Eberlei",
                    "email": "kontakt@beberlei.de"
                },
                {
                    "name": "Jonathan Wage",
                    "email": "jonwage@gmail.com"
                },
                {
                    "name": "Johannes Schmitt",
                    "email": "schmittjoh@gmail.com"
                }
            ],
            "description": "PHP Doctrine Cache library is a popular cache implementation that supports many different drivers such as redis, memcache, apc, mongodb and others.",
            "homepage": "https://www.doctrine-project.org/projects/cache.html",
            "keywords": [
                "abstraction",
                "apcu",
                "cache",
                "caching",
                "couchdb",
                "memcached",
                "php",
                "redis",
                "xcache"
            ],
            "support": {
                "issues": "https://github.com/doctrine/cache/issues",
                "source": "https://github.com/doctrine/cache/tree/2.2.0"
            },
            "funding": [
                {
                    "url": "https://www.doctrine-project.org/sponsorship.html",
                    "type": "custom"
                },
                {
                    "url": "https://www.patreon.com/phpdoctrine",
                    "type": "patreon"
                },
                {
                    "url": "https://tidelift.com/funding/github/packagist/doctrine%2Fcache",
                    "type": "tidelift"
                }
            ],
            "time": "2022-05-20T20:07:39+00:00"
        },
        {
            "name": "doctrine/dbal",
            "version": "3.6.5",
            "source": {
                "type": "git",
                "url": "https://github.com/doctrine/dbal.git",
                "reference": "96d5a70fd91efdcec81fc46316efc5bf3da17ddf"
            },
            "dist": {
                "type": "zip",
                "url": "https://api.github.com/repos/doctrine/dbal/zipball/96d5a70fd91efdcec81fc46316efc5bf3da17ddf",
                "reference": "96d5a70fd91efdcec81fc46316efc5bf3da17ddf",
                "shasum": ""
            },
            "require": {
                "composer-runtime-api": "^2",
                "doctrine/cache": "^1.11|^2.0",
                "doctrine/deprecations": "^0.5.3|^1",
                "doctrine/event-manager": "^1|^2",
                "php": "^7.4 || ^8.0",
                "psr/cache": "^1|^2|^3",
                "psr/log": "^1|^2|^3"
            },
            "require-dev": {
                "doctrine/coding-standard": "12.0.0",
                "fig/log-test": "^1",
                "jetbrains/phpstorm-stubs": "2023.1",
                "phpstan/phpstan": "1.10.21",
                "phpstan/phpstan-strict-rules": "^1.5",
                "phpunit/phpunit": "9.6.9",
                "psalm/plugin-phpunit": "0.18.4",
                "squizlabs/php_codesniffer": "3.7.2",
                "symfony/cache": "^5.4|^6.0",
                "symfony/console": "^4.4|^5.4|^6.0",
                "vimeo/psalm": "4.30.0"
            },
            "suggest": {
                "symfony/console": "For helpful console commands such as SQL execution and import of files."
            },
            "bin": [
                "bin/doctrine-dbal"
            ],
            "type": "library",
            "autoload": {
                "psr-4": {
                    "Doctrine\\DBAL\\": "src"
                }
            },
            "notification-url": "https://packagist.org/downloads/",
            "license": [
                "MIT"
            ],
            "authors": [
                {
                    "name": "Guilherme Blanco",
                    "email": "guilhermeblanco@gmail.com"
                },
                {
                    "name": "Roman Borschel",
                    "email": "roman@code-factory.org"
                },
                {
                    "name": "Benjamin Eberlei",
                    "email": "kontakt@beberlei.de"
                },
                {
                    "name": "Jonathan Wage",
                    "email": "jonwage@gmail.com"
                }
            ],
            "description": "Powerful PHP database abstraction layer (DBAL) with many features for database schema introspection and management.",
            "homepage": "https://www.doctrine-project.org/projects/dbal.html",
            "keywords": [
                "abstraction",
                "database",
                "db2",
                "dbal",
                "mariadb",
                "mssql",
                "mysql",
                "oci8",
                "oracle",
                "pdo",
                "pgsql",
                "postgresql",
                "queryobject",
                "sasql",
                "sql",
                "sqlite",
                "sqlserver",
                "sqlsrv"
            ],
            "support": {
                "issues": "https://github.com/doctrine/dbal/issues",
                "source": "https://github.com/doctrine/dbal/tree/3.6.5"
            },
            "funding": [
                {
                    "url": "https://www.doctrine-project.org/sponsorship.html",
                    "type": "custom"
                },
                {
                    "url": "https://www.patreon.com/phpdoctrine",
                    "type": "patreon"
                },
                {
                    "url": "https://tidelift.com/funding/github/packagist/doctrine%2Fdbal",
                    "type": "tidelift"
                }
            ],
            "time": "2023-07-17T09:15:50+00:00"
        },
        {
            "name": "doctrine/deprecations",
            "version": "v1.1.1",
            "source": {
                "type": "git",
                "url": "https://github.com/doctrine/deprecations.git",
                "reference": "612a3ee5ab0d5dd97b7cf3874a6efe24325efac3"
            },
            "dist": {
                "type": "zip",
                "url": "https://api.github.com/repos/doctrine/deprecations/zipball/612a3ee5ab0d5dd97b7cf3874a6efe24325efac3",
                "reference": "612a3ee5ab0d5dd97b7cf3874a6efe24325efac3",
                "shasum": ""
            },
            "require": {
                "php": "^7.1 || ^8.0"
            },
            "require-dev": {
                "doctrine/coding-standard": "^9",
                "phpstan/phpstan": "1.4.10 || 1.10.15",
                "phpstan/phpstan-phpunit": "^1.0",
                "phpunit/phpunit": "^7.5 || ^8.5 || ^9.5",
                "psalm/plugin-phpunit": "0.18.4",
                "psr/log": "^1 || ^2 || ^3",
                "vimeo/psalm": "4.30.0 || 5.12.0"
            },
            "suggest": {
                "psr/log": "Allows logging deprecations via PSR-3 logger implementation"
            },
            "type": "library",
            "autoload": {
                "psr-4": {
                    "Doctrine\\Deprecations\\": "lib/Doctrine/Deprecations"
                }
            },
            "notification-url": "https://packagist.org/downloads/",
            "license": [
                "MIT"
            ],
            "description": "A small layer on top of trigger_error(E_USER_DEPRECATED) or PSR-3 logging with options to disable all deprecations or selectively for packages.",
            "homepage": "https://www.doctrine-project.org/",
            "support": {
                "issues": "https://github.com/doctrine/deprecations/issues",
                "source": "https://github.com/doctrine/deprecations/tree/v1.1.1"
            },
            "time": "2023-06-03T09:27:29+00:00"
        },
        {
            "name": "doctrine/event-manager",
            "version": "1.2.0",
            "source": {
                "type": "git",
                "url": "https://github.com/doctrine/event-manager.git",
                "reference": "95aa4cb529f1e96576f3fda9f5705ada4056a520"
            },
            "dist": {
                "type": "zip",
                "url": "https://api.github.com/repos/doctrine/event-manager/zipball/95aa4cb529f1e96576f3fda9f5705ada4056a520",
                "reference": "95aa4cb529f1e96576f3fda9f5705ada4056a520",
                "shasum": ""
            },
            "require": {
                "doctrine/deprecations": "^0.5.3 || ^1",
                "php": "^7.1 || ^8.0"
            },
            "conflict": {
                "doctrine/common": "<2.9"
            },
            "require-dev": {
                "doctrine/coding-standard": "^9 || ^10",
                "phpstan/phpstan": "~1.4.10 || ^1.8.8",
                "phpunit/phpunit": "^7.5 || ^8.5 || ^9.5",
                "vimeo/psalm": "^4.24"
            },
            "type": "library",
            "autoload": {
                "psr-4": {
                    "Doctrine\\Common\\": "src"
                }
            },
            "notification-url": "https://packagist.org/downloads/",
            "license": [
                "MIT"
            ],
            "authors": [
                {
                    "name": "Guilherme Blanco",
                    "email": "guilhermeblanco@gmail.com"
                },
                {
                    "name": "Roman Borschel",
                    "email": "roman@code-factory.org"
                },
                {
                    "name": "Benjamin Eberlei",
                    "email": "kontakt@beberlei.de"
                },
                {
                    "name": "Jonathan Wage",
                    "email": "jonwage@gmail.com"
                },
                {
                    "name": "Johannes Schmitt",
                    "email": "schmittjoh@gmail.com"
                },
                {
                    "name": "Marco Pivetta",
                    "email": "ocramius@gmail.com"
                }
            ],
            "description": "The Doctrine Event Manager is a simple PHP event system that was built to be used with the various Doctrine projects.",
            "homepage": "https://www.doctrine-project.org/projects/event-manager.html",
            "keywords": [
                "event",
                "event dispatcher",
                "event manager",
                "event system",
                "events"
            ],
            "support": {
                "issues": "https://github.com/doctrine/event-manager/issues",
                "source": "https://github.com/doctrine/event-manager/tree/1.2.0"
            },
            "funding": [
                {
                    "url": "https://www.doctrine-project.org/sponsorship.html",
                    "type": "custom"
                },
                {
                    "url": "https://www.patreon.com/phpdoctrine",
                    "type": "patreon"
                },
                {
                    "url": "https://tidelift.com/funding/github/packagist/doctrine%2Fevent-manager",
                    "type": "tidelift"
                }
            ],
            "time": "2022-10-12T20:51:15+00:00"
        },
        {
            "name": "psr/cache",
            "version": "1.0.1",
            "source": {
                "type": "git",
                "url": "https://github.com/php-fig/cache.git",
                "reference": "d11b50ad223250cf17b86e38383413f5a6764bf8"
            },
            "dist": {
                "type": "zip",
                "url": "https://api.github.com/repos/php-fig/cache/zipball/d11b50ad223250cf17b86e38383413f5a6764bf8",
                "reference": "d11b50ad223250cf17b86e38383413f5a6764bf8",
                "shasum": ""
            },
            "require": {
                "php": ">=5.3.0"
            },
            "type": "library",
            "extra": {
                "branch-alias": {
                    "dev-master": "1.0.x-dev"
                }
            },
            "autoload": {
                "psr-4": {
                    "Psr\\Cache\\": "src/"
                }
            },
            "notification-url": "https://packagist.org/downloads/",
            "license": [
                "MIT"
            ],
            "authors": [
                {
                    "name": "PHP-FIG",
                    "homepage": "http://www.php-fig.org/"
                }
            ],
            "description": "Common interface for caching libraries",
            "keywords": [
                "cache",
                "psr",
                "psr-6"
            ],
            "support": {
                "source": "https://github.com/php-fig/cache/tree/master"
            },
            "time": "2016-08-06T20:24:11+00:00"
        },
        {
            "name": "psr/log",
            "version": "1.1.4",
            "source": {
                "type": "git",
                "url": "https://github.com/php-fig/log.git",
                "reference": "d49695b909c3b7628b6289db5479a1c204601f11"
            },
            "dist": {
                "type": "zip",
                "url": "https://api.github.com/repos/php-fig/log/zipball/d49695b909c3b7628b6289db5479a1c204601f11",
                "reference": "d49695b909c3b7628b6289db5479a1c204601f11",
                "shasum": ""
            },
            "require": {
                "php": ">=5.3.0"
            },
            "type": "library",
            "extra": {
                "branch-alias": {
                    "dev-master": "1.1.x-dev"
                }
            },
            "autoload": {
                "psr-4": {
                    "Psr\\Log\\": "Psr/Log/"
                }
            },
            "notification-url": "https://packagist.org/downloads/",
            "license": [
                "MIT"
            ],
            "authors": [
                {
                    "name": "PHP-FIG",
                    "homepage": "https://www.php-fig.org/"
                }
            ],
            "description": "Common interface for logging libraries",
            "homepage": "https://github.com/php-fig/log",
            "keywords": [
                "log",
                "psr",
                "psr-3"
            ],
            "support": {
                "source": "https://github.com/php-fig/log/tree/1.1.4"
            },
            "time": "2021-05-03T11:20:27+00:00"
        },
        {
            "name": "symfony/deprecation-contracts",
            "version": "v2.5.2",
            "source": {
                "type": "git",
                "url": "https://github.com/symfony/deprecation-contracts.git",
                "reference": "e8b495ea28c1d97b5e0c121748d6f9b53d075c66"
            },
            "dist": {
                "type": "zip",
                "url": "https://api.github.com/repos/symfony/deprecation-contracts/zipball/e8b495ea28c1d97b5e0c121748d6f9b53d075c66",
                "reference": "e8b495ea28c1d97b5e0c121748d6f9b53d075c66",
                "shasum": ""
            },
            "require": {
                "php": ">=7.1"
            },
            "type": "library",
            "extra": {
                "branch-alias": {
                    "dev-main": "2.5-dev"
                },
                "thanks": {
                    "name": "symfony/contracts",
                    "url": "https://github.com/symfony/contracts"
                }
            },
            "autoload": {
                "files": [
                    "function.php"
                ]
            },
            "notification-url": "https://packagist.org/downloads/",
            "license": [
                "MIT"
            ],
            "authors": [
                {
                    "name": "Nicolas Grekas",
                    "email": "p@tchwork.com"
                },
                {
                    "name": "Symfony Community",
                    "homepage": "https://symfony.com/contributors"
                }
            ],
            "description": "A generic function and convention to trigger deprecation notices",
            "homepage": "https://symfony.com",
            "support": {
                "source": "https://github.com/symfony/deprecation-contracts/tree/v2.5.2"
            },
            "funding": [
                {
                    "url": "https://symfony.com/sponsor",
                    "type": "custom"
                },
                {
                    "url": "https://github.com/fabpot",
                    "type": "github"
                },
                {
                    "url": "https://tidelift.com/funding/github/packagist/symfony/symfony",
                    "type": "tidelift"
                }
            ],
            "time": "2022-01-02T09:53:40+00:00"
        },
        {
            "name": "symfony/polyfill-ctype",
            "version": "v1.27.0",
            "source": {
                "type": "git",
                "url": "https://github.com/symfony/polyfill-ctype.git",
                "reference": "5bbc823adecdae860bb64756d639ecfec17b050a"
            },
            "dist": {
                "type": "zip",
                "url": "https://api.github.com/repos/symfony/polyfill-ctype/zipball/5bbc823adecdae860bb64756d639ecfec17b050a",
                "reference": "5bbc823adecdae860bb64756d639ecfec17b050a",
                "shasum": ""
            },
            "require": {
                "php": ">=7.1"
            },
            "provide": {
                "ext-ctype": "*"
            },
            "suggest": {
                "ext-ctype": "For best performance"
            },
            "type": "library",
            "extra": {
                "branch-alias": {
                    "dev-main": "1.27-dev"
                },
                "thanks": {
                    "name": "symfony/polyfill",
                    "url": "https://github.com/symfony/polyfill"
                }
            },
            "autoload": {
                "files": [
                    "bootstrap.php"
                ],
                "psr-4": {
                    "Symfony\\Polyfill\\Ctype\\": ""
                }
            },
            "notification-url": "https://packagist.org/downloads/",
            "license": [
                "MIT"
            ],
            "authors": [
                {
                    "name": "Gert de Pagter",
                    "email": "BackEndTea@gmail.com"
                },
                {
                    "name": "Symfony Community",
                    "homepage": "https://symfony.com/contributors"
                }
            ],
            "description": "Symfony polyfill for ctype functions",
            "homepage": "https://symfony.com",
            "keywords": [
                "compatibility",
                "ctype",
                "polyfill",
                "portable"
            ],
            "support": {
                "source": "https://github.com/symfony/polyfill-ctype/tree/v1.27.0"
            },
            "funding": [
                {
                    "url": "https://symfony.com/sponsor",
                    "type": "custom"
                },
                {
                    "url": "https://github.com/fabpot",
                    "type": "github"
                },
                {
                    "url": "https://tidelift.com/funding/github/packagist/symfony/symfony",
                    "type": "tidelift"
                }
            ],
            "time": "2022-11-03T14:55:06+00:00"
        },
        {
            "name": "symfony/polyfill-php74",
            "version": "v1.27.0",
            "source": {
                "type": "git",
                "url": "https://github.com/symfony/polyfill-php74.git",
                "reference": "aa7f1231a1aa56d695e626043252b7be6a90c4ce"
            },
            "dist": {
                "type": "zip",
                "url": "https://api.github.com/repos/symfony/polyfill-php74/zipball/aa7f1231a1aa56d695e626043252b7be6a90c4ce",
                "reference": "aa7f1231a1aa56d695e626043252b7be6a90c4ce",
                "shasum": ""
            },
            "require": {
                "php": ">=7.1"
            },
            "type": "library",
            "extra": {
                "branch-alias": {
                    "dev-main": "1.27-dev"
                },
                "thanks": {
                    "name": "symfony/polyfill",
                    "url": "https://github.com/symfony/polyfill"
                }
            },
            "autoload": {
                "files": [
                    "bootstrap.php"
                ],
                "psr-4": {
                    "Symfony\\Polyfill\\Php74\\": ""
                }
            },
            "notification-url": "https://packagist.org/downloads/",
            "license": [
                "MIT"
            ],
            "authors": [
                {
                    "name": "Ion Bazan",
                    "email": "ion.bazan@gmail.com"
                },
                {
                    "name": "Nicolas Grekas",
                    "email": "p@tchwork.com"
                },
                {
                    "name": "Symfony Community",
                    "homepage": "https://symfony.com/contributors"
                }
            ],
            "description": "Symfony polyfill backporting some PHP 7.4+ features to lower PHP versions",
            "homepage": "https://symfony.com",
            "keywords": [
                "compatibility",
                "polyfill",
                "portable",
                "shim"
            ],
            "support": {
                "source": "https://github.com/symfony/polyfill-php74/tree/v1.27.0"
            },
            "funding": [
                {
                    "url": "https://symfony.com/sponsor",
                    "type": "custom"
                },
                {
                    "url": "https://github.com/fabpot",
                    "type": "github"
                },
                {
                    "url": "https://tidelift.com/funding/github/packagist/symfony/symfony",
                    "type": "tidelift"
                }
            ],
            "time": "2022-11-03T14:55:06+00:00"
        },
        {
            "name": "symfony/polyfill-php80",
            "version": "v1.27.0",
            "source": {
                "type": "git",
                "url": "https://github.com/symfony/polyfill-php80.git",
                "reference": "7a6ff3f1959bb01aefccb463a0f2cd3d3d2fd936"
            },
            "dist": {
                "type": "zip",
                "url": "https://api.github.com/repos/symfony/polyfill-php80/zipball/7a6ff3f1959bb01aefccb463a0f2cd3d3d2fd936",
                "reference": "7a6ff3f1959bb01aefccb463a0f2cd3d3d2fd936",
                "shasum": ""
            },
            "require": {
                "php": ">=7.1"
            },
            "type": "library",
            "extra": {
                "branch-alias": {
                    "dev-main": "1.27-dev"
                },
                "thanks": {
                    "name": "symfony/polyfill",
                    "url": "https://github.com/symfony/polyfill"
                }
            },
            "autoload": {
                "files": [
                    "bootstrap.php"
                ],
                "psr-4": {
                    "Symfony\\Polyfill\\Php80\\": ""
                },
                "classmap": [
                    "Resources/stubs"
                ]
            },
            "notification-url": "https://packagist.org/downloads/",
            "license": [
                "MIT"
            ],
            "authors": [
                {
                    "name": "Ion Bazan",
                    "email": "ion.bazan@gmail.com"
                },
                {
                    "name": "Nicolas Grekas",
                    "email": "p@tchwork.com"
                },
                {
                    "name": "Symfony Community",
                    "homepage": "https://symfony.com/contributors"
                }
            ],
            "description": "Symfony polyfill backporting some PHP 8.0+ features to lower PHP versions",
            "homepage": "https://symfony.com",
            "keywords": [
                "compatibility",
                "polyfill",
                "portable",
                "shim"
            ],
            "support": {
                "source": "https://github.com/symfony/polyfill-php80/tree/v1.27.0"
            },
            "funding": [
                {
                    "url": "https://symfony.com/sponsor",
                    "type": "custom"
                },
                {
                    "url": "https://github.com/fabpot",
                    "type": "github"
                },
                {
                    "url": "https://tidelift.com/funding/github/packagist/symfony/symfony",
                    "type": "tidelift"
                }
            ],
            "time": "2022-11-03T14:55:06+00:00"
        },
        {
            "name": "symfony/polyfill-php81",
            "version": "v1.27.0",
            "source": {
                "type": "git",
                "url": "https://github.com/symfony/polyfill-php81.git",
                "reference": "707403074c8ea6e2edaf8794b0157a0bfa52157a"
            },
            "dist": {
                "type": "zip",
                "url": "https://api.github.com/repos/symfony/polyfill-php81/zipball/707403074c8ea6e2edaf8794b0157a0bfa52157a",
                "reference": "707403074c8ea6e2edaf8794b0157a0bfa52157a",
                "shasum": ""
            },
            "require": {
                "php": ">=7.1"
            },
            "type": "library",
            "extra": {
                "branch-alias": {
                    "dev-main": "1.27-dev"
                },
                "thanks": {
                    "name": "symfony/polyfill",
                    "url": "https://github.com/symfony/polyfill"
                }
            },
            "autoload": {
                "files": [
                    "bootstrap.php"
                ],
                "psr-4": {
                    "Symfony\\Polyfill\\Php81\\": ""
                },
                "classmap": [
                    "Resources/stubs"
                ]
            },
            "notification-url": "https://packagist.org/downloads/",
            "license": [
                "MIT"
            ],
            "authors": [
                {
                    "name": "Nicolas Grekas",
                    "email": "p@tchwork.com"
                },
                {
                    "name": "Symfony Community",
                    "homepage": "https://symfony.com/contributors"
                }
            ],
            "description": "Symfony polyfill backporting some PHP 8.1+ features to lower PHP versions",
            "homepage": "https://symfony.com",
            "keywords": [
                "compatibility",
                "polyfill",
                "portable",
                "shim"
            ],
            "support": {
                "source": "https://github.com/symfony/polyfill-php81/tree/v1.27.0"
            },
            "funding": [
                {
                    "url": "https://symfony.com/sponsor",
                    "type": "custom"
                },
                {
                    "url": "https://github.com/fabpot",
                    "type": "github"
                },
                {
                    "url": "https://tidelift.com/funding/github/packagist/symfony/symfony",
                    "type": "tidelift"
                }
            ],
            "time": "2022-11-03T14:55:06+00:00"
        },
        {
            "name": "symfony/yaml",
            "version": "v5.4.23",
            "source": {
                "type": "git",
                "url": "https://github.com/symfony/yaml.git",
                "reference": "4cd2e3ea301aadd76a4172756296fe552fb45b0b"
            },
            "dist": {
                "type": "zip",
                "url": "https://api.github.com/repos/symfony/yaml/zipball/4cd2e3ea301aadd76a4172756296fe552fb45b0b",
                "reference": "4cd2e3ea301aadd76a4172756296fe552fb45b0b",
                "shasum": ""
            },
            "require": {
                "php": ">=7.2.5",
                "symfony/deprecation-contracts": "^2.1|^3",
                "symfony/polyfill-ctype": "^1.8"
            },
            "conflict": {
                "symfony/console": "<5.3"
            },
            "require-dev": {
                "symfony/console": "^5.3|^6.0"
            },
            "suggest": {
                "symfony/console": "For validating YAML files using the lint command"
            },
            "bin": [
                "Resources/bin/yaml-lint"
            ],
            "type": "library",
            "autoload": {
                "psr-4": {
                    "Symfony\\Component\\Yaml\\": ""
                },
                "exclude-from-classmap": [
                    "/Tests/"
                ]
            },
            "notification-url": "https://packagist.org/downloads/",
            "license": [
                "MIT"
            ],
            "authors": [
                {
                    "name": "Fabien Potencier",
                    "email": "fabien@symfony.com"
                },
                {
                    "name": "Symfony Community",
                    "homepage": "https://symfony.com/contributors"
                }
            ],
            "description": "Loads and dumps YAML files",
            "homepage": "https://symfony.com",
            "support": {
                "source": "https://github.com/symfony/yaml/tree/v5.4.23"
            },
            "funding": [
                {
                    "url": "https://symfony.com/sponsor",
                    "type": "custom"
                },
                {
                    "url": "https://github.com/fabpot",
                    "type": "github"
                },
                {
                    "url": "https://tidelift.com/funding/github/packagist/symfony/symfony",
                    "type": "tidelift"
                }
            ],
            "time": "2023-04-23T19:33:36+00:00"
        }
    ],
    "packages-dev": [],
    "aliases": [],
    "minimum-stability": "stable",
    "stability-flags": [],
    "prefer-stable": false,
    "prefer-lowest": false,
    "platform": [],
    "platform-dev": [],
    "plugin-api-version": "2.3.0"
}
